
Microsoft Visual Studio Solution File, Format Version 12.00
# Visual Studio Version 16
VisualStudioVersion = 16.0.31019.35
MinimumVisualStudioVersion = 10.0.40219.1
Project("{FAE04EC0-301F-11D3-BF4B-00C04F79EFBC}") = "PersonsToCSV", "PersonsToCSV\PersonsToCSV.csproj", "{0BB04E10-0BBC-40E7-9D5B-F6614E937913}"
EndProject
Global
	GlobalSection(SolutionConfigurationPlatforms) = preSolution
		Debug|Any CPU = Debug|Any CPU
		Release|Any CPU = Release|Any CPU
	EndGlobalSection
	GlobalSection(ProjectConfigurationPlatforms) = postSolution
		{0BB04E10-0BBC-40E7-9D5B-F6614E937913}.Debug|Any CPU.ActiveCfg = Debug|Any CPU
		{0BB04E10-0BBC-40E7-9D5B-F6614E937913}.Debug|Any CPU.Build.0 = Debug|Any CPU
		{0BB04E10-0BBC-40E7-9D5B-F6614E937913}.Release|Any CPU.ActiveCfg = Release|Any CPU
		{0BB04E10-0BBC-40E7-9D5B-F6614E937913}.Release|Any CPU.Build.0 = Release|Any CPU
	EndGlobalSection
	GlobalSection(SolutionProperties) = preSolution
		HideSolutionNode = FALSE
	EndGlobalSection
	GlobalSection(ExtensibilityGlobals) = postSolution
		SolutionGuid = {AD9BC0A8-5C46-4157-ADDF-BA8AAE2D9104}
	EndGlobalSection
EndGlobal
