
Microsoft Visual Studio Solution File, Format Version 12.00
# Visual Studio Version 16
VisualStudioVersion = 16.0.31019.35
MinimumVisualStudioVersion = 10.0.40219.1
Project("{9A19103F-16F7-4668-BE54-9A1E7A4F7556}") = "Parser", "ParaserFileNames\Parser.csproj", "{72826470-71F1-490E-B206-970C953143D1}"
EndProject
Project("{9A19103F-16F7-4668-BE54-9A1E7A4F7556}") = "ParaserEntities", "ParaserEntities\ParaserEntities.csproj", "{18E5D5E8-4405-4994-977D-0C163E5FB11C}"
EndProject
Project("{9A19103F-16F7-4668-BE54-9A1E7A4F7556}") = "ParserView", "ParserView\ParserView.csproj", "{1DEA7258-9A82-41A2-B480-EEA72484E538}"
EndProject
Project("{9A19103F-16F7-4668-BE54-9A1E7A4F7556}") = "ParserService", "ParserService\ParserService.csproj", "{FC489354-4583-456F-92D5-6BF231C8148D}"
EndProject
Global
	GlobalSection(SolutionConfigurationPlatforms) = preSolution
		Debug|Any CPU = Debug|Any CPU
		Release|Any CPU = Release|Any CPU
	EndGlobalSection
	GlobalSection(ProjectConfigurationPlatforms) = postSolution
		{72826470-71F1-490E-B206-970C953143D1}.Debug|Any CPU.ActiveCfg = Debug|Any CPU
		{72826470-71F1-490E-B206-970C953143D1}.Debug|Any CPU.Build.0 = Debug|Any CPU
		{72826470-71F1-490E-B206-970C953143D1}.Release|Any CPU.ActiveCfg = Release|Any CPU
		{72826470-71F1-490E-B206-970C953143D1}.Release|Any CPU.Build.0 = Release|Any CPU
		{18E5D5E8-4405-4994-977D-0C163E5FB11C}.Debug|Any CPU.ActiveCfg = Debug|Any CPU
		{18E5D5E8-4405-4994-977D-0C163E5FB11C}.Debug|Any CPU.Build.0 = Debug|Any CPU
		{18E5D5E8-4405-4994-977D-0C163E5FB11C}.Release|Any CPU.ActiveCfg = Release|Any CPU
		{18E5D5E8-4405-4994-977D-0C163E5FB11C}.Release|Any CPU.Build.0 = Release|Any CPU
		{1DEA7258-9A82-41A2-B480-EEA72484E538}.Debug|Any CPU.ActiveCfg = Debug|Any CPU
		{1DEA7258-9A82-41A2-B480-EEA72484E538}.Debug|Any CPU.Build.0 = Debug|Any CPU
		{1DEA7258-9A82-41A2-B480-EEA72484E538}.Release|Any CPU.ActiveCfg = Release|Any CPU
		{1DEA7258-9A82-41A2-B480-EEA72484E538}.Release|Any CPU.Build.0 = Release|Any CPU
		{FC489354-4583-456F-92D5-6BF231C8148D}.Debug|Any CPU.ActiveCfg = Debug|Any CPU
		{FC489354-4583-456F-92D5-6BF231C8148D}.Debug|Any CPU.Build.0 = Debug|Any CPU
		{FC489354-4583-456F-92D5-6BF231C8148D}.Release|Any CPU.ActiveCfg = Release|Any CPU
		{FC489354-4583-456F-92D5-6BF231C8148D}.Release|Any CPU.Build.0 = Release|Any CPU
	EndGlobalSection
	GlobalSection(SolutionProperties) = preSolution
		HideSolutionNode = FALSE
	EndGlobalSection
	GlobalSection(ExtensibilityGlobals) = postSolution
		SolutionGuid = {B67FFBF3-A2B8-45E0-AEBB-0BBB2F26273F}
	EndGlobalSection
EndGlobal
